
Microsoft Visual Studio Solution File, Format Version 12.00
# Visual Studio Version 17
VisualStudioVersion = 17.2.32526.322
MinimumVisualStudioVersion = 10.0.40219.1
Project("{FAE04EC0-301F-11D3-BF4B-00C04F79EFBC}") = "EXrat", "EXrat\EXrat.csproj", "{584556C6-F8F1-4BEE-ACF6-9D2CA40984A2}"
EndProject
Project("{FAE04EC0-301F-11D3-BF4B-00C04F79EFBC}") = "EXrat Controller", "EXrat Controller\EXrat Controller.csproj", "{7C1995BC-727C-4C7E-8704-510C611DD337}"
EndProject
Project("{FAE04EC0-301F-11D3-BF4B-00C04F79EFBC}") = "Exrat_Encrypted", "Exrat_Encrypted\Exrat_Encrypted.csproj", "{F2513845-D63D-42EB-A2DA-6A7D7BB3D422}"
EndProject
Project("{FAE04EC0-301F-11D3-BF4B-00C04F79EFBC}") = "CSPluginGenerator", "CSPluginGenerator\CSPluginGenerator.csproj", "{0D309E4E-3E73-43E6-8DB4-0640A3AD5487}"
EndProject
Project("{FAE04EC0-301F-11D3-BF4B-00C04F79EFBC}") = "BATPluginGenerator", "BATPluginGenerator\BATPluginGenerator.csproj", "{ABB077B2-7C0A-4E5F-868D-D0AFCCF13EA1}"
EndProject
Global
	GlobalSection(SolutionConfigurationPlatforms) = preSolution
		Debug|Any CPU = Debug|Any CPU
		Release|Any CPU = Release|Any CPU
	EndGlobalSection
	GlobalSection(ProjectConfigurationPlatforms) = postSolution
		{584556C6-F8F1-4BEE-ACF6-9D2CA40984A2}.Debug|Any CPU.ActiveCfg = Debug|Any CPU
		{584556C6-F8F1-4BEE-ACF6-9D2CA40984A2}.Debug|Any CPU.Build.0 = Debug|Any CPU
		{584556C6-F8F1-4BEE-ACF6-9D2CA40984A2}.Release|Any CPU.ActiveCfg = Release|Any CPU
		{584556C6-F8F1-4BEE-ACF6-9D2CA40984A2}.Release|Any CPU.Build.0 = Release|Any CPU
		{7C1995BC-727C-4C7E-8704-510C611DD337}.Debug|Any CPU.ActiveCfg = Debug|Any CPU
		{7C1995BC-727C-4C7E-8704-510C611DD337}.Debug|Any CPU.Build.0 = Debug|Any CPU
		{7C1995BC-727C-4C7E-8704-510C611DD337}.Release|Any CPU.ActiveCfg = Release|Any CPU
		{7C1995BC-727C-4C7E-8704-510C611DD337}.Release|Any CPU.Build.0 = Release|Any CPU
		{F2513845-D63D-42EB-A2DA-6A7D7BB3D422}.Debug|Any CPU.ActiveCfg = Debug|Any CPU
		{F2513845-D63D-42EB-A2DA-6A7D7BB3D422}.Debug|Any CPU.Build.0 = Debug|Any CPU
		{F2513845-D63D-42EB-A2DA-6A7D7BB3D422}.Release|Any CPU.ActiveCfg = Release|Any CPU
		{F2513845-D63D-42EB-A2DA-6A7D7BB3D422}.Release|Any CPU.Build.0 = Release|Any CPU
		{0D309E4E-3E73-43E6-8DB4-0640A3AD5487}.Debug|Any CPU.ActiveCfg = Debug|Any CPU
		{0D309E4E-3E73-43E6-8DB4-0640A3AD5487}.Debug|Any CPU.Build.0 = Debug|Any CPU
		{0D309E4E-3E73-43E6-8DB4-0640A3AD5487}.Release|Any CPU.ActiveCfg = Release|Any CPU
		{0D309E4E-3E73-43E6-8DB4-0640A3AD5487}.Release|Any CPU.Build.0 = Release|Any CPU
		{ABB077B2-7C0A-4E5F-868D-D0AFCCF13EA1}.Debug|Any CPU.ActiveCfg = Debug|Any CPU
		{ABB077B2-7C0A-4E5F-868D-D0AFCCF13EA1}.Debug|Any CPU.Build.0 = Debug|Any CPU
		{ABB077B2-7C0A-4E5F-868D-D0AFCCF13EA1}.Release|Any CPU.ActiveCfg = Release|Any CPU
		{ABB077B2-7C0A-4E5F-868D-D0AFCCF13EA1}.Release|Any CPU.Build.0 = Release|Any CPU
	EndGlobalSection
	GlobalSection(SolutionProperties) = preSolution
		HideSolutionNode = FALSE
	EndGlobalSection
	GlobalSection(ExtensibilityGlobals) = postSolution
		SolutionGuid = {D21405A0-0331-4A71-92A5-4BFB07944111}
	EndGlobalSection
EndGlobal
